// !$*UTF8*$!
{
	archiveVersion = 1;
	classes = {
	};
	objectVersion = 46;
	objects = {

/* Begin PBXBuildFile section */
		D2C040351BCFE0EB00AC90C1 /* AppDelegate.swift in Sources */ = {isa = PBXBuildFile; fileRef = D2C040341BCFE0EB00AC90C1 /* AppDelegate.swift */; };
		D2C040371BCFE0EB00AC90C1 /* ViewController.swift in Sources */ = {isa = PBXBuildFile; fileRef = D2C040361BCFE0EB00AC90C1 /* ViewController.swift */; };
		D2C0403A1BCFE0EB00AC90C1 /* Main.storyboard in Resources */ = {isa = PBXBuildFile; fileRef = D2C040381BCFE0EB00AC90C1 /* Main.storyboard */; };
		D2C0403C1BCFE0EB00AC90C1 /* Assets.xcassets in Resources */ = {isa = PBXBuildFile; fileRef = D2C0403B1BCFE0EB00AC90C1 /* Assets.xcassets */; };
		D2C0403F1BCFE0EB00AC90C1 /* LaunchScreen.storyboard in Resources */ = {isa = PBXBuildFile; fileRef = D2C0403D1BCFE0EB00AC90C1 /* LaunchScreen.storyboard */; };
		D2C040481BCFE25E00AC90C1 /* TweetTableViewController.swift in Sources */ = {isa = PBXBuildFile; fileRef = D2C040471BCFE25E00AC90C1 /* TweetTableViewController.swift */; settings = {ASSET_TAGS = (); }; };
		D2C040571BCFE66E00AC90C1 /* MediaItem.swift in Sources */ = {isa = PBXBuildFile; fileRef = D2C040531BCFE66E00AC90C1 /* MediaItem.swift */; settings = {ASSET_TAGS = (); }; };
		D2C040581BCFE66E00AC90C1 /* Tweet.swift in Sources */ = {isa = PBXBuildFile; fileRef = D2C040541BCFE66E00AC90C1 /* Tweet.swift */; settings = {ASSET_TAGS = (); }; };
		D2C040591BCFE66E00AC90C1 /* TwitterRequest.swift in Sources */ = {isa = PBXBuildFile; fileRef = D2C040551BCFE66E00AC90C1 /* TwitterRequest.swift */; settings = {ASSET_TAGS = (); }; };
		D2C0405A1BCFE66E00AC90C1 /* User.swift in Sources */ = {isa = PBXBuildFile; fileRef = D2C040561BCFE66E00AC90C1 /* User.swift */; settings = {ASSET_TAGS = (); }; };
/* End PBXBuildFile section */

/* Begin PBXFileReference section */
		D2C040311BCFE0EB00AC90C1 /* Smashtag.app */ = {isa = PBXFileReference; explicitFileType = wrapper.application; includeInIndex = 0; path = Smashtag.app; sourceTree = BUILT_PRODUCTS_DIR; };
		D2C040341BCFE0EB00AC90C1 /* AppDelegate.swift */ = {isa = PBXFileReference; lastKnownFileType = sourcecode.swift; path = AppDelegate.swift; sourceTree = "<group>"; };
		D2C040361BCFE0EB00AC90C1 /* ViewController.swift */ = {isa = PBXFileReference; lastKnownFileType = sourcecode.swift; path = ViewController.swift; sourceTree = "<group>"; };
		D2C040391BCFE0EB00AC90C1 /* Base */ = {isa = PBXFileReference; lastKnownFileType = file.storyboard; name = Base; path = Base.lproj/Main.storyboard; sourceTree = "<group>"; };
		D2C0403B1BCFE0EB00AC90C1 /* Assets.xcassets */ = {isa = PBXFileReference; lastKnownFileType = folder.assetcatalog; path = Assets.xcassets; sourceTree = "<group>"; };
		D2C0403E1BCFE0EB00AC90C1 /* Base */ = {isa = PBXFileReference; lastKnownFileType = file.storyboard; name = Base; path = Base.lproj/LaunchScreen.storyboard; sourceTree = "<group>"; };
		D2C040401BCFE0EB00AC90C1 /* Info.plist */ = {isa = PBXFileReference; lastKnownFileType = text.plist.xml; path = Info.plist; sourceTree = "<group>"; };
		D2C040471BCFE25E00AC90C1 /* TweetTableViewController.swift */ = {isa = PBXFileReference; fileEncoding = 4; lastKnownFileType = sourcecode.swift; path = TweetTableViewController.swift; sourceTree = "<group>"; };
		D2C040531BCFE66E00AC90C1 /* MediaItem.swift */ = {isa = PBXFileReference; fileEncoding = 4; lastKnownFileType = sourcecode.swift; path = MediaItem.swift; sourceTree = "<group>"; };
		D2C040541BCFE66E00AC90C1 /* Tweet.swift */ = {isa = PBXFileReference; fileEncoding = 4; lastKnownFileType = sourcecode.swift; path = Tweet.swift; sourceTree = "<group>"; };
		D2C040551BCFE66E00AC90C1 /* TwitterRequest.swift */ = {isa = PBXFileReference; fileEncoding = 4; lastKnownFileType = sourcecode.swift; path = TwitterRequest.swift; sourceTree = "<group>"; };
		D2C040561BCFE66E00AC90C1 /* User.swift */ = {isa = PBXFileReference; fileEncoding = 4; lastKnownFileType = sourcecode.swift; path = User.swift; sourceTree = "<group>"; };
/* End PBXFileReference section */

/* Begin PBXFrameworksBuildPhase section */
		D2C0402E1BCFE0EB00AC90C1 /* Frameworks */ = {
			isa = PBXFrameworksBuildPhase;
			buildActionMask = 2147483647;
			files = (
			);
			runOnlyForDeploymentPostprocessing = 0;
		};
/* End PBXFrameworksBuildPhase section */

/* Begin PBXGroup section */
		D2C040281BCFE0EB00AC90C1 = {
			isa = PBXGroup;
			children = (
				D2C040331BCFE0EB00AC90C1 /* Smashtag */,
				D2C040321BCFE0EB00AC90C1 /* Products */,
			);
			sourceTree = "<group>";
		};
		D2C040321BCFE0EB00AC90C1 /* Products */ = {
			isa = PBXGroup;
			children = (
				D2C040311BCFE0EB00AC90C1 /* Smashtag.app */,
			);
			name = Products;
			sourceTree = "<group>";
		};
		D2C040331BCFE0EB00AC90C1 /* Smashtag */ = {
			isa = PBXGroup;
			children = (
				D2C040471BCFE25E00AC90C1 /* TweetTableViewController.swift */,
				D2C040381BCFE0EB00AC90C1 /* Main.storyboard */,
				D2C0405B1BCFE67D00AC90C1 /* Twitter */,
				D2C040461BCFE20E00AC90C1 /* Supporting Files */,
			);
			path = Smashtag;
			sourceTree = "<group>";
		};
		D2C040461BCFE20E00AC90C1 /* Supporting Files */ = {
			isa = PBXGroup;
			children = (
				D2C040361BCFE0EB00AC90C1 /* ViewController.swift */,
				D2C040341BCFE0EB00AC90C1 /* AppDelegate.swift */,
				D2C0403B1BCFE0EB00AC90C1 /* Assets.xcassets */,
				D2C0403D1BCFE0EB00AC90C1 /* LaunchScreen.storyboard */,
				D2C040401BCFE0EB00AC90C1 /* Info.plist */,
			);
			name = "Supporting Files";
			sourceTree = "<group>";
		};
		D2C0405B1BCFE67D00AC90C1 /* Twitter */ = {
			isa = PBXGroup;
			children = (
				D2C040531BCFE66E00AC90C1 /* MediaItem.swift */,
				D2C040541BCFE66E00AC90C1 /* Tweet.swift */,
				D2C040551BCFE66E00AC90C1 /* TwitterRequest.swift */,
				D2C040561BCFE66E00AC90C1 /* User.swift */,
			);
			name = Twitter;
			sourceTree = "<group>";
		};
/* End PBXGroup section */

/* Begin PBXNativeTarget section */
		D2C040301BCFE0EB00AC90C1 /* Smashtag */ = {
			isa = PBXNativeTarget;
			buildConfigurationList = D2C040431BCFE0EB00AC90C1 /* Build configuration list for PBXNativeTarget "Smashtag" */;
			buildPhases = (
				D2C0402D1BCFE0EB00AC90C1 /* Sources */,
				D2C0402E1BCFE0EB00AC90C1 /* Frameworks */,
				D2C0402F1BCFE0EB00AC90C1 /* Resources */,
			);
			buildRules = (
			);
			dependencies = (
			);
			name = Smashtag;
			productName = Smashtag;
			productReference = D2C040311BCFE0EB00AC90C1 /* Smashtag.app */;
			productType = "com.apple.product-type.application";
		};
/* End PBXNativeTarget section */

/* Begin PBXProject section */
		D2C040291BCFE0EB00AC90C1 /* Project object */ = {
			isa = PBXProject;
			attributes = {
				LastUpgradeCheck = 0700;
				ORGANIZATIONNAME = Tuluobo;
				TargetAttributes = {
					D2C040301BCFE0EB00AC90C1 = {
						CreatedOnToolsVersion = 7.0.1;
						DevelopmentTeam = AK59XPPTYB;
					};
				};
			};
			buildConfigurationList = D2C0402C1BCFE0EB00AC90C1 /* Build configuration list for PBXProject "Smashtag" */;
			compatibilityVersion = "Xcode 3.2";
			developmentRegion = English;
			hasScannedForEncodings = 0;
			knownRegions = (
				en,
				Base,
			);
			mainGroup = D2C040281BCFE0EB00AC90C1;
			productRefGroup = D2C040321BCFE0EB00AC90C1 /* Products */;
			projectDirPath = "";
			projectRoot = "";
			targets = (
				D2C040301BCFE0EB00AC90C1 /* Smashtag */,
			);
		};
/* End PBXProject section */

/* Begin PBXResourcesBuildPhase section */
		D2C0402F1BCFE0EB00AC90C1 /* Resources */ = {
			isa = PBXResourcesBuildPhase;
			buildActionMask = 2147483647;
			files = (
				D2C0403F1BCFE0EB00AC90C1 /* LaunchScreen.storyboard in Resources */,
				D2C0403C1BCFE0EB00AC90C1 /* Assets.xcassets in Resources */,
				D2C0403A1BCFE0EB00AC90C1 /* Main.storyboard in Resources */,
			);
			runOnlyForDeploymentPostprocessing = 0;
		};
/* End PBXResourcesBuildPhase section */

/* Begin PBXSourcesBuildPhase section */
		D2C0402D1BCFE0EB00AC90C1 /* Sources */ = {
			isa = PBXSourcesBuildPhase;
			buildActionMask = 2147483647;
			files = (
				D2C040481BCFE25E00AC90C1 /* TweetTableViewController.swift in Sources */,
				D2C040581BCFE66E00AC90C1 /* Tweet.swift in Sources */,
				D2C040571BCFE66E00AC90C1 /* MediaItem.swift in Sources */,
				D2C040371BCFE0EB00AC90C1 /* ViewController.swift in Sources */,
				D2C040351BCFE0EB00AC90C1 /* AppDelegate.swift in Sources */,
				D2C040591BCFE66E00AC90C1 /* TwitterRequest.swift in Sources */,
				D2C0405A1BCFE66E00AC90C1 /* User.swift in Sources */,
			);
			runOnlyForDeploymentPostprocessing = 0;
		};
/* End PBXSourcesBuildPhase section */

/* Begin PBXVariantGroup section */
		D2C040381BCFE0EB00AC90C1 /* Main.storyboard */ = {
			isa = PBXVariantGroup;
			children = (
				D2C040391BCFE0EB00AC90C1 /* Base */,
			);
			name = Main.storyboard;
			sourceTree = "<group>";
		};
		D2C0403D1BCFE0EB00AC90C1 /* LaunchScreen.storyboard */ = {
			isa = PBXVariantGroup;
			children = (
				D2C0403E1BCFE0EB00AC90C1 /* Base */,
			);
			name = LaunchScreen.storyboard;
			sourceTree = "<group>";
		};
/* End PBXVariantGroup section */

/* Begin XCBuildConfiguration section */
		D2C040411BCFE0EB00AC90C1 /* Debug */ = {
			isa = XCBuildConfiguration;
			buildSettings = {
				ALWAYS_SEARCH_USER_PATHS = NO;
				CLANG_CXX_LANGUAGE_STANDARD = "gnu++0x";
				CLANG_CXX_LIBRARY = "libc++";
				CLANG_ENABLE_MODULES = YES;
				CLANG_ENABLE_OBJC_ARC = YES;
				CLANG_WARN_BOOL_CONVERSION = YES;
				CLANG_WARN_CONSTANT_CONVERSION = YES;
				CLANG_WARN_DIRECT_OBJC_ISA_USAGE = YES_ERROR;
				CLANG_WARN_EMPTY_BODY = YES;
				CLANG_WARN_ENUM_CONVERSION = YES;
				CLANG_WARN_INT_CONVERSION = YES;
				CLANG_WARN_OBJC_ROOT_CLASS = YES_ERROR;
				CLANG_WARN_UNREACHABLE_CODE = YES;
				CLANG_WARN__DUPLICATE_METHOD_MATCH = YES;
				"CODE_SIGN_IDENTITY[sdk=iphoneos*]" = "iPhone Developer";
				COPY_PHASE_STRIP = NO;
				DEBUG_INFORMATION_FORMAT = dwarf;
				ENABLE_STRICT_OBJC_MSGSEND = YES;
				ENABLE_TESTABILITY = YES;
				GCC_C_LANGUAGE_STANDARD = gnu99;
				GCC_DYNAMIC_NO_PIC = NO;
				GCC_NO_COMMON_BLOCKS = YES;
				GCC_OPTIMIZATION_LEVEL = 0;
				GCC_PREPROCESSOR_DEFINITIONS = (
					"DEBUG=1",
					"$(inherited)",
				);
				GCC_WARN_64_TO_32_BIT_CONVERSION = YES;
				GCC_WARN_ABOUT_RETURN_TYPE = YES_ERROR;
				GCC_WARN_UNDECLARED_SELECTOR = YES;
				GCC_WARN_UNINITIALIZED_AUTOS = YES_AGGRESSIVE;
				GCC_WARN_UNUSED_FUNCTION = YES;
				GCC_WARN_UNUSED_VARIABLE = YES;
				IPHONEOS_DEPLOYMENT_TARGET = 9.0;
				MTL_ENABLE_DEBUG_INFO = YES;
				ONLY_ACTIVE_ARCH = YES;
				SDKROOT = iphoneos;
				SWIFT_OPTIMIZATION_LEVEL = "-Onone";
				TARGETED_DEVICE_FAMILY = "1,2";
			};
			name = Debug;
		};
		D2C040421BCFE0EB00AC90C1 /* Release */ = {
			isa = XCBuildConfiguration;
			buildSettings = {
				ALWAYS_SEARCH_USER_PATHS = NO;
				CLANG_CXX_LANGUAGE_STANDARD = "gnu++0x";
				CLANG_CXX_LIBRARY = "libc++";
				CLANG_ENABLE_MODULES = YES;
				CLANG_ENABLE_OBJC_ARC = YES;
				CLANG_WARN_BOOL_CONVERSION = YES;
				CLANG_WARN_CONSTANT_CONVERSION = YES;
				CLANG_WARN_DIRECT_OBJC_ISA_USAGE = YES_ERROR;
				CLANG_WARN_EMPTY_BODY = YES;
				CLANG_WARN_ENUM_CONVERSION = YES;
				CLANG_WARN_INT_CONVERSION = YES;
				CLANG_WARN_OBJC_ROOT_CLASS = YES_ERROR;
				CLANG_WARN_UNREACHABLE_CODE = YES;
				CLANG_WARN__DUPLICATE_METHOD_MATCH = YES;
				"CODE_SIGN_IDENTITY[sdk=iphoneos*]" = "iPhone Developer";
				COPY_PHASE_STRIP = NO;
				DEBUG_INFORMATION_FORMAT = "dwarf-with-dsym";
				ENABLE_NS_ASSERTIONS = NO;
				ENABLE_STRICT_OBJC_MSGSEND = YES;
				GCC_C_LANGUAGE_STANDARD = gnu99;
				GCC_NO_COMMON_BLOCKS = YES;
				GCC_WARN_64_TO_32_BIT_CONVERSION = YES;
				GCC_WARN_ABOUT_RETURN_TYPE = YES_ERROR;
				GCC_WARN_UNDECLARED_SELECTOR = YES;
				GCC_WARN_UNINITIALIZED_AUTOS = YES_AGGRESSIVE;
				GCC_WARN_UNUSED_FUNCTION = YES;
				GCC_WARN_UNUSED_VARIABLE = YES;
				IPHONEOS_DEPLOYMENT_TARGET = 9.0;
				MTL_ENABLE_DEBUG_INFO = NO;
				SDKROOT = iphoneos;
				TARGETED_DEVICE_FAMILY = "1,2";
				VALIDATE_PRODUCT = YES;
			};
			name = Release;
		};
		D2C040441BCFE0EB00AC90C1 /* Debug */ = {
			isa = XCBuildConfiguration;
			buildSettings = {
				ASSETCATALOG_COMPILER_APPICON_NAME = AppIcon;
				INFOPLIST_FILE = Smashtag/Info.plist;
				LD_RUNPATH_SEARCH_PATHS = "$(inherited) @executable_path/Frameworks";
				PRODUCT_BUNDLE_IDENTIFIER = com.tuluobo.Smashtag;
				PRODUCT_NAME = "$(TARGET_NAME)";
			};
			name = Debug;
		};
		D2C040451BCFE0EB00AC90C1 /* Release */ = {
			isa = XCBuildConfiguration;
			buildSettings = {
				ASSETCATALOG_COMPILER_APPICON_NAME = AppIcon;
				INFOPLIST_FILE = Smashtag/Info.plist;
				LD_RUNPATH_SEARCH_PATHS = "$(inherited) @executable_path/Frameworks";
				PRODUCT_BUNDLE_IDENTIFIER = com.tuluobo.Smashtag;
				PRODUCT_NAME = "$(TARGET_NAME)";
			};
			name = Release;
		};
/* End XCBuildConfiguration section */

/* Begin XCConfigurationList section */
		D2C0402C1BCFE0EB00AC90C1 /* Build configuration list for PBXProject "Smashtag" */ = {
			isa = XCConfigurationList;
			buildConfigurations = (
				D2C040411BCFE0EB00AC90C1 /* Debug */,
				D2C040421BCFE0EB00AC90C1 /* Release */,
			);
			defaultConfigurationIsVisible = 0;
			defaultConfigurationName = Release;
		};
		D2C040431BCFE0EB00AC90C1 /* Build configuration list for PBXNativeTarget "Smashtag" */ = {
			isa = XCConfigurationList;
			buildConfigurations = (
				D2C040441BCFE0EB00AC90C1 /* Debug */,
				D2C040451BCFE0EB00AC90C1 /* Release */,
			);
			defaultConfigurationIsVisible = 0;
			defaultConfigurationName = Release;
		};
/* End XCConfigurationList section */
	};
	rootObject = D2C040291BCFE0EB00AC90C1 /* Project object */;
}
