// !$*UTF8*$!
{
	archiveVersion = 1;
	classes = {
	};
	objectVersion = 46;
	objects = {

/* Begin PBXBuildFile section */
		D21F5A4E1BCF91580057F4A0 /* AppDelegate.swift in Sources */ = {isa = PBXBuildFile; fileRef = D21F5A4D1BCF91580057F4A0 /* AppDelegate.swift */; };
		D21F5A501BCF91580057F4A0 /* ViewController.swift in Sources */ = {isa = PBXBuildFile; fileRef = D21F5A4F1BCF91580057F4A0 /* ViewController.swift */; };
		D21F5A531BCF91580057F4A0 /* Main.storyboard in Resources */ = {isa = PBXBuildFile; fileRef = D21F5A511BCF91580057F4A0 /* Main.storyboard */; };
		D21F5A551BCF91580057F4A0 /* Assets.xcassets in Resources */ = {isa = PBXBuildFile; fileRef = D21F5A541BCF91580057F4A0 /* Assets.xcassets */; };
		D21F5A581BCF91580057F4A0 /* LaunchScreen.storyboard in Resources */ = {isa = PBXBuildFile; fileRef = D21F5A561BCF91580057F4A0 /* LaunchScreen.storyboard */; };
		D21F5A601BCF918F0057F4A0 /* ImageViewController.swift in Sources */ = {isa = PBXBuildFile; fileRef = D21F5A5F1BCF918F0057F4A0 /* ImageViewController.swift */; settings = {ASSET_TAGS = (); }; };
		D21F5A631BCF957B0057F4A0 /* DemoURL.swift in Sources */ = {isa = PBXBuildFile; fileRef = D21F5A621BCF957B0057F4A0 /* DemoURL.swift */; settings = {ASSET_TAGS = (); }; };
/* End PBXBuildFile section */

/* Begin PBXFileReference section */
		D21F5A4A1BCF91580057F4A0 /* Cassini.app */ = {isa = PBXFileReference; explicitFileType = wrapper.application; includeInIndex = 0; path = Cassini.app; sourceTree = BUILT_PRODUCTS_DIR; };
		D21F5A4D1BCF91580057F4A0 /* AppDelegate.swift */ = {isa = PBXFileReference; lastKnownFileType = sourcecode.swift; path = AppDelegate.swift; sourceTree = "<group>"; };
		D21F5A4F1BCF91580057F4A0 /* ViewController.swift */ = {isa = PBXFileReference; lastKnownFileType = sourcecode.swift; path = ViewController.swift; sourceTree = "<group>"; };
		D21F5A521BCF91580057F4A0 /* Base */ = {isa = PBXFileReference; lastKnownFileType = file.storyboard; name = Base; path = Base.lproj/Main.storyboard; sourceTree = "<group>"; };
		D21F5A541BCF91580057F4A0 /* Assets.xcassets */ = {isa = PBXFileReference; lastKnownFileType = folder.assetcatalog; path = Assets.xcassets; sourceTree = "<group>"; };
		D21F5A571BCF91580057F4A0 /* Base */ = {isa = PBXFileReference; lastKnownFileType = file.storyboard; name = Base; path = Base.lproj/LaunchScreen.storyboard; sourceTree = "<group>"; };
		D21F5A591BCF91580057F4A0 /* Info.plist */ = {isa = PBXFileReference; lastKnownFileType = text.plist.xml; path = Info.plist; sourceTree = "<group>"; };
		D21F5A5F1BCF918F0057F4A0 /* ImageViewController.swift */ = {isa = PBXFileReference; fileEncoding = 4; lastKnownFileType = sourcecode.swift; path = ImageViewController.swift; sourceTree = "<group>"; };
		D21F5A621BCF957B0057F4A0 /* DemoURL.swift */ = {isa = PBXFileReference; fileEncoding = 4; lastKnownFileType = sourcecode.swift; path = DemoURL.swift; sourceTree = "<group>"; };
/* End PBXFileReference section */

/* Begin PBXFrameworksBuildPhase section */
		D21F5A471BCF91580057F4A0 /* Frameworks */ = {
			isa = PBXFrameworksBuildPhase;
			buildActionMask = 2147483647;
			files = (
			);
			runOnlyForDeploymentPostprocessing = 0;
		};
/* End PBXFrameworksBuildPhase section */

/* Begin PBXGroup section */
		D21F5A411BCF91580057F4A0 = {
			isa = PBXGroup;
			children = (
				D21F5A4C1BCF91580057F4A0 /* Cassini */,
				D21F5A4B1BCF91580057F4A0 /* Products */,
			);
			sourceTree = "<group>";
		};
		D21F5A4B1BCF91580057F4A0 /* Products */ = {
			isa = PBXGroup;
			children = (
				D21F5A4A1BCF91580057F4A0 /* Cassini.app */,
			);
			name = Products;
			sourceTree = "<group>";
		};
		D21F5A4C1BCF91580057F4A0 /* Cassini */ = {
			isa = PBXGroup;
			children = (
				D21F5A4F1BCF91580057F4A0 /* ViewController.swift */,
				D21F5A5F1BCF918F0057F4A0 /* ImageViewController.swift */,
				D21F5A621BCF957B0057F4A0 /* DemoURL.swift */,
				D21F5A511BCF91580057F4A0 /* Main.storyboard */,
				D21F5A541BCF91580057F4A0 /* Assets.xcassets */,
				D21F5A611BCF919A0057F4A0 /* Supporting Files */,
			);
			path = Cassini;
			sourceTree = "<group>";
		};
		D21F5A611BCF919A0057F4A0 /* Supporting Files */ = {
			isa = PBXGroup;
			children = (
				D21F5A4D1BCF91580057F4A0 /* AppDelegate.swift */,
				D21F5A561BCF91580057F4A0 /* LaunchScreen.storyboard */,
				D21F5A591BCF91580057F4A0 /* Info.plist */,
			);
			name = "Supporting Files";
			sourceTree = "<group>";
		};
/* End PBXGroup section */

/* Begin PBXNativeTarget section */
		D21F5A491BCF91580057F4A0 /* Cassini */ = {
			isa = PBXNativeTarget;
			buildConfigurationList = D21F5A5C1BCF91580057F4A0 /* Build configuration list for PBXNativeTarget "Cassini" */;
			buildPhases = (
				D21F5A461BCF91580057F4A0 /* Sources */,
				D21F5A471BCF91580057F4A0 /* Frameworks */,
				D21F5A481BCF91580057F4A0 /* Resources */,
			);
			buildRules = (
			);
			dependencies = (
			);
			name = Cassini;
			productName = Cassini;
			productReference = D21F5A4A1BCF91580057F4A0 /* Cassini.app */;
			productType = "com.apple.product-type.application";
		};
/* End PBXNativeTarget section */

/* Begin PBXProject section */
		D21F5A421BCF91580057F4A0 /* Project object */ = {
			isa = PBXProject;
			attributes = {
				LastUpgradeCheck = 0700;
				ORGANIZATIONNAME = Tuluobo;
				TargetAttributes = {
					D21F5A491BCF91580057F4A0 = {
						CreatedOnToolsVersion = 7.0.1;
						DevelopmentTeam = AK59XPPTYB;
					};
				};
			};
			buildConfigurationList = D21F5A451BCF91580057F4A0 /* Build configuration list for PBXProject "Cassini" */;
			compatibilityVersion = "Xcode 3.2";
			developmentRegion = English;
			hasScannedForEncodings = 0;
			knownRegions = (
				en,
				Base,
			);
			mainGroup = D21F5A411BCF91580057F4A0;
			productRefGroup = D21F5A4B1BCF91580057F4A0 /* Products */;
			projectDirPath = "";
			projectRoot = "";
			targets = (
				D21F5A491BCF91580057F4A0 /* Cassini */,
			);
		};
/* End PBXProject section */

/* Begin PBXResourcesBuildPhase section */
		D21F5A481BCF91580057F4A0 /* Resources */ = {
			isa = PBXResourcesBuildPhase;
			buildActionMask = 2147483647;
			files = (
				D21F5A581BCF91580057F4A0 /* LaunchScreen.storyboard in Resources */,
				D21F5A551BCF91580057F4A0 /* Assets.xcassets in Resources */,
				D21F5A531BCF91580057F4A0 /* Main.storyboard in Resources */,
			);
			runOnlyForDeploymentPostprocessing = 0;
		};
/* End PBXResourcesBuildPhase section */

/* Begin PBXSourcesBuildPhase section */
		D21F5A461BCF91580057F4A0 /* Sources */ = {
			isa = PBXSourcesBuildPhase;
			buildActionMask = 2147483647;
			files = (
				D21F5A631BCF957B0057F4A0 /* DemoURL.swift in Sources */,
				D21F5A501BCF91580057F4A0 /* ViewController.swift in Sources */,
				D21F5A601BCF918F0057F4A0 /* ImageViewController.swift in Sources */,
				D21F5A4E1BCF91580057F4A0 /* AppDelegate.swift in Sources */,
			);
			runOnlyForDeploymentPostprocessing = 0;
		};
/* End PBXSourcesBuildPhase section */

/* Begin PBXVariantGroup section */
		D21F5A511BCF91580057F4A0 /* Main.storyboard */ = {
			isa = PBXVariantGroup;
			children = (
				D21F5A521BCF91580057F4A0 /* Base */,
			);
			name = Main.storyboard;
			sourceTree = "<group>";
		};
		D21F5A561BCF91580057F4A0 /* LaunchScreen.storyboard */ = {
			isa = PBXVariantGroup;
			children = (
				D21F5A571BCF91580057F4A0 /* Base */,
			);
			name = LaunchScreen.storyboard;
			sourceTree = "<group>";
		};
/* End PBXVariantGroup section */

/* Begin XCBuildConfiguration section */
		D21F5A5A1BCF91580057F4A0 /* Debug */ = {
			isa = XCBuildConfiguration;
			buildSettings = {
				ALWAYS_SEARCH_USER_PATHS = NO;
				CLANG_CXX_LANGUAGE_STANDARD = "gnu++0x";
				CLANG_CXX_LIBRARY = "libc++";
				CLANG_ENABLE_MODULES = YES;
				CLANG_ENABLE_OBJC_ARC = YES;
				CLANG_WARN_BOOL_CONVERSION = YES;
				CLANG_WARN_CONSTANT_CONVERSION = YES;
				CLANG_WARN_DIRECT_OBJC_ISA_USAGE = YES_ERROR;
				CLANG_WARN_EMPTY_BODY = YES;
				CLANG_WARN_ENUM_CONVERSION = YES;
				CLANG_WARN_INT_CONVERSION = YES;
				CLANG_WARN_OBJC_ROOT_CLASS = YES_ERROR;
				CLANG_WARN_UNREACHABLE_CODE = YES;
				CLANG_WARN__DUPLICATE_METHOD_MATCH = YES;
				"CODE_SIGN_IDENTITY[sdk=iphoneos*]" = "iPhone Developer";
				COPY_PHASE_STRIP = NO;
				DEBUG_INFORMATION_FORMAT = dwarf;
				ENABLE_STRICT_OBJC_MSGSEND = YES;
				ENABLE_TESTABILITY = YES;
				GCC_C_LANGUAGE_STANDARD = gnu99;
				GCC_DYNAMIC_NO_PIC = NO;
				GCC_NO_COMMON_BLOCKS = YES;
				GCC_OPTIMIZATION_LEVEL = 0;
				GCC_PREPROCESSOR_DEFINITIONS = (
					"DEBUG=1",
					"$(inherited)",
				);
				GCC_WARN_64_TO_32_BIT_CONVERSION = YES;
				GCC_WARN_ABOUT_RETURN_TYPE = YES_ERROR;
				GCC_WARN_UNDECLARED_SELECTOR = YES;
				GCC_WARN_UNINITIALIZED_AUTOS = YES_AGGRESSIVE;
				GCC_WARN_UNUSED_FUNCTION = YES;
				GCC_WARN_UNUSED_VARIABLE = YES;
				IPHONEOS_DEPLOYMENT_TARGET = 9.0;
				MTL_ENABLE_DEBUG_INFO = YES;
				ONLY_ACTIVE_ARCH = YES;
				SDKROOT = iphoneos;
				SWIFT_OPTIMIZATION_LEVEL = "-Onone";
				TARGETED_DEVICE_FAMILY = "1,2";
			};
			name = Debug;
		};
		D21F5A5B1BCF91580057F4A0 /* Release */ = {
			isa = XCBuildConfiguration;
			buildSettings = {
				ALWAYS_SEARCH_USER_PATHS = NO;
				CLANG_CXX_LANGUAGE_STANDARD = "gnu++0x";
				CLANG_CXX_LIBRARY = "libc++";
				CLANG_ENABLE_MODULES = YES;
				CLANG_ENABLE_OBJC_ARC = YES;
				CLANG_WARN_BOOL_CONVERSION = YES;
				CLANG_WARN_CONSTANT_CONVERSION = YES;
				CLANG_WARN_DIRECT_OBJC_ISA_USAGE = YES_ERROR;
				CLANG_WARN_EMPTY_BODY = YES;
				CLANG_WARN_ENUM_CONVERSION = YES;
				CLANG_WARN_INT_CONVERSION = YES;
				CLANG_WARN_OBJC_ROOT_CLASS = YES_ERROR;
				CLANG_WARN_UNREACHABLE_CODE = YES;
				CLANG_WARN__DUPLICATE_METHOD_MATCH = YES;
				"CODE_SIGN_IDENTITY[sdk=iphoneos*]" = "iPhone Developer";
				COPY_PHASE_STRIP = NO;
				DEBUG_INFORMATION_FORMAT = "dwarf-with-dsym";
				ENABLE_NS_ASSERTIONS = NO;
				ENABLE_STRICT_OBJC_MSGSEND = YES;
				GCC_C_LANGUAGE_STANDARD = gnu99;
				GCC_NO_COMMON_BLOCKS = YES;
				GCC_WARN_64_TO_32_BIT_CONVERSION = YES;
				GCC_WARN_ABOUT_RETURN_TYPE = YES_ERROR;
				GCC_WARN_UNDECLARED_SELECTOR = YES;
				GCC_WARN_UNINITIALIZED_AUTOS = YES_AGGRESSIVE;
				GCC_WARN_UNUSED_FUNCTION = YES;
				GCC_WARN_UNUSED_VARIABLE = YES;
				IPHONEOS_DEPLOYMENT_TARGET = 9.0;
				MTL_ENABLE_DEBUG_INFO = NO;
				SDKROOT = iphoneos;
				TARGETED_DEVICE_FAMILY = "1,2";
				VALIDATE_PRODUCT = YES;
			};
			name = Release;
		};
		D21F5A5D1BCF91580057F4A0 /* Debug */ = {
			isa = XCBuildConfiguration;
			buildSettings = {
				ASSETCATALOG_COMPILER_APPICON_NAME = AppIcon;
				INFOPLIST_FILE = Cassini/Info.plist;
				LD_RUNPATH_SEARCH_PATHS = "$(inherited) @executable_path/Frameworks";
				PRODUCT_BUNDLE_IDENTIFIER = com.tuluobo.Cassini;
				PRODUCT_NAME = "$(TARGET_NAME)";
			};
			name = Debug;
		};
		D21F5A5E1BCF91580057F4A0 /* Release */ = {
			isa = XCBuildConfiguration;
			buildSettings = {
				ASSETCATALOG_COMPILER_APPICON_NAME = AppIcon;
				INFOPLIST_FILE = Cassini/Info.plist;
				LD_RUNPATH_SEARCH_PATHS = "$(inherited) @executable_path/Frameworks";
				PRODUCT_BUNDLE_IDENTIFIER = com.tuluobo.Cassini;
				PRODUCT_NAME = "$(TARGET_NAME)";
			};
			name = Release;
		};
/* End XCBuildConfiguration section */

/* Begin XCConfigurationList section */
		D21F5A451BCF91580057F4A0 /* Build configuration list for PBXProject "Cassini" */ = {
			isa = XCConfigurationList;
			buildConfigurations = (
				D21F5A5A1BCF91580057F4A0 /* Debug */,
				D21F5A5B1BCF91580057F4A0 /* Release */,
			);
			defaultConfigurationIsVisible = 0;
			defaultConfigurationName = Release;
		};
		D21F5A5C1BCF91580057F4A0 /* Build configuration list for PBXNativeTarget "Cassini" */ = {
			isa = XCConfigurationList;
			buildConfigurations = (
				D21F5A5D1BCF91580057F4A0 /* Debug */,
				D21F5A5E1BCF91580057F4A0 /* Release */,
			);
			defaultConfigurationIsVisible = 0;
		};
/* End XCConfigurationList section */
	};
	rootObject = D21F5A421BCF91580057F4A0 /* Project object */;
}
